{
  "version": 4,
  "terraform_version": "1.1.5",
  "serial": 7,
  "lineage": "0bf573a3-24b5-fb8f-49f3-5073d9532d0b",
  "outputs": {},
  "resources": [
    {
      "module": "module.resource-group-dev",
      "mode": "managed",
      "type": "azurerm_resource_group",
      "name": "p2-rg",
      "provider": "provider[\"registry.terraform.io/hashicorp/azurerm\"]",
      "instances": [
        {
          "schema_version": 0,
          "attributes": {
            "id": "/subscriptions/506602c4-6c9a-4f2a-a00c-f5c0d4e8db95/resourceGroups/p2-dev-rg",
            "location": "westus2",
            "name": "p2-dev-rg",
            "tags": null,
            "timeouts": null
          },
          "sensitive_attributes": [],
          "private": "eyJlMmJmYjczMC1lY2FhLTExZTYtOGY4OC0zNDM2M2JjN2M0YzAiOnsiY3JlYXRlIjo1NDAwMDAwMDAwMDAwLCJkZWxldGUiOjU0MDAwMDAwMDAwMDAsInJlYWQiOjMwMDAwMDAwMDAwMCwidXBkYXRlIjo1NDAwMDAwMDAwMDAwfX0="
        }
      ]
    },
    {
      "module": "module.vnet-dev",
      "mode": "managed",
      "type": "azurerm_virtual_network",
      "name": "p2-vnet",
      "provider": "provider[\"registry.terraform.io/hashicorp/azurerm\"]",
      "instances": [
        {
          "schema_version": 0,
          "attributes": {
            "address_space": [
              "10.1.0.0/16"
            ],
            "bgp_community": "",
            "ddos_protection_plan": [],
            "dns_servers": [],
            "flow_timeout_in_minutes": 0,
            "guid": "a86a12ac-4fd0-4784-9b45-0292c26569ae",
            "id": "/subscriptions/506602c4-6c9a-4f2a-a00c-f5c0d4e8db95/resourceGroups/p2-dev-rg/providers/Microsoft.Network/virtualNetworks/vnet-dev",
            "location": "westus2",
            "name": "vnet-dev",
            "resource_group_name": "p2-dev-rg",
            "subnet": [],
            "tags": null,
            "timeouts": null,
            "vm_protection_enabled": false
          },
          "sensitive_attributes": [],
          "private": "eyJlMmJmYjczMC1lY2FhLTExZTYtOGY4OC0zNDM2M2JjN2M0YzAiOnsiY3JlYXRlIjoxODAwMDAwMDAwMDAwLCJkZWxldGUiOjE4MDAwMDAwMDAwMDAsInJlYWQiOjMwMDAwMDAwMDAwMCwidXBkYXRlIjoxODAwMDAwMDAwMDAwfX0=",
          "dependencies": [
            "module.resource-group-dev.azurerm_resource_group.p2-rg"
          ]
        }
      ]
    }
  ]
}
